{
  "projects": [
    {
      "projectId": "YUiM7yqBWAqsh8KSnrdj7",
      "version": "0.29.0",
      "dependencies": {},
      "lang": "ts",
      "fileLocks": [
        {
          "assetId": "YUiM7yqBWAqsh8KSnrdj7",
          "type": "projectCss",
          "checksum": "dac72600b04b6e6a3014e82512a15fe1"
        }
      ],
      "codegenVersion": "0.0.1"
    },
    {
      "projectId": "caTPwKxj5ZrD9LQ7DMdK4Z",
      "version": "3.37.0",
      "dependencies": {},
      "lang": "ts",
      "fileLocks": [
        {
          "assetId": "caTPwKxj5ZrD9LQ7DMdK4Z",
          "type": "projectCss",
          "checksum": "e1ec850476829c38b0f9b6d4f7ac446a"
        }
      ],
      "codegenVersion": "0.0.1"
    },
    {
      "projectId": "bnGmFYN1UUt3iuCFsqhSBQ",
      "version": "latest",
      "dependencies": {
        "caTPwKxj5ZrD9LQ7DMdK4Z": "3.37.0",
        "YUiM7yqBWAqsh8KSnrdj7": "0.29.0"
      },
      "lang": "ts",
      "fileLocks": [
        {
          "type": "globalVariant",
          "assetId": "nSwrrijbjORk",
          "checksum": "482262218ecd58e912d455b0f79e2076"
        },
        {
          "type": "renderModule",
          "assetId": "5njABe8EyLqo",
          "checksum": "28546506a3e260fffcdf6768f87900ff"
        },
        {
          "type": "cssRules",
          "assetId": "5njABe8EyLqo",
          "checksum": "28546506a3e260fffcdf6768f87900ff"
        },
        {
          "assetId": "bnGmFYN1UUt3iuCFsqhSBQ",
          "type": "projectCss",
          "checksum": "e36911f567ff4a503852be918650f1d9"
        },
        {
          "type": "renderModule",
          "assetId": "mxaEubY9AEuD",
          "checksum": "ae95453f2bb0c42fc41f97aae9059b82"
        },
        {
          "type": "cssRules",
          "assetId": "mxaEubY9AEuD",
          "checksum": "ae95453f2bb0c42fc41f97aae9059b82"
        },
        {
          "type": "renderModule",
          "assetId": "Ab_ukj4NhvgG",
          "checksum": "0448f535386684e515d6605631e9bdb9"
        },
        {
          "type": "cssRules",
          "assetId": "Ab_ukj4NhvgG",
          "checksum": "0448f535386684e515d6605631e9bdb9"
        },
        {
          "type": "renderModule",
          "assetId": "YQLWYSiJV67c",
          "checksum": "2dc6da5d328c41c6afc64fc2c4a858d8"
        },
        {
          "type": "cssRules",
          "assetId": "YQLWYSiJV67c",
          "checksum": "2dc6da5d328c41c6afc64fc2c4a858d8"
        },
        {
          "type": "renderModule",
          "assetId": "gH81Fge3X9ik",
          "checksum": "1d07c204cedaf841db0edc3722e9f77d"
        },
        {
          "type": "cssRules",
          "assetId": "gH81Fge3X9ik",
          "checksum": "1d07c204cedaf841db0edc3722e9f77d"
        },
        {
          "type": "renderModule",
          "assetId": "r_d701ums54R",
          "checksum": "4d456135808050a5bc27bdae096b2e67"
        },
        {
          "type": "cssRules",
          "assetId": "r_d701ums54R",
          "checksum": "4d456135808050a5bc27bdae096b2e67"
        },
        {
          "type": "renderModule",
          "assetId": "cQBL5E8C3y7e",
          "checksum": "e9f76ae65bcb9c80af5e65f326920f6c"
        },
        {
          "type": "cssRules",
          "assetId": "cQBL5E8C3y7e",
          "checksum": "e9f76ae65bcb9c80af5e65f326920f6c"
        },
        {
          "type": "renderModule",
          "assetId": "HxYaW5EtmDPe",
          "checksum": "005bdeebf009c8c249c01331c1091c01"
        },
        {
          "type": "cssRules",
          "assetId": "HxYaW5EtmDPe",
          "checksum": "005bdeebf009c8c249c01331c1091c01"
        },
        {
          "type": "renderModule",
          "assetId": "ovIlVj6ttz3l",
          "checksum": "7f6ce8a7bcfb5236a38daf60903d3282"
        },
        {
          "type": "cssRules",
          "assetId": "ovIlVj6ttz3l",
          "checksum": "7f6ce8a7bcfb5236a38daf60903d3282"
        },
        {
          "type": "renderModule",
          "assetId": "GadD6S_nEgUl",
          "checksum": "5e706fba24478a2c638b54007803ae94"
        },
        {
          "type": "cssRules",
          "assetId": "GadD6S_nEgUl",
          "checksum": "5e706fba24478a2c638b54007803ae94"
        },
        {
          "type": "renderModule",
          "assetId": "D_TWASnHLsLT",
          "checksum": "e77ab1133267ec413dbe3a2cb7b63a98"
        },
        {
          "type": "cssRules",
          "assetId": "D_TWASnHLsLT",
          "checksum": "e77ab1133267ec413dbe3a2cb7b63a98"
        },
        {
          "type": "renderModule",
          "assetId": "DE3au28sSRJT",
          "checksum": "1a2ff39c93dd5ed9e9e5bf6cf4e10a0f"
        },
        {
          "type": "cssRules",
          "assetId": "DE3au28sSRJT",
          "checksum": "1a2ff39c93dd5ed9e9e5bf6cf4e10a0f"
        },
        {
          "type": "icon",
          "assetId": "jqFI8mEfKU6a",
          "checksum": "bbadc808fc6ba127bd2e17110c4a28a4"
        },
        {
          "type": "icon",
          "assetId": "Uwff1_ahHt6B",
          "checksum": "623b72136d226c18ae7519be4951dbaa"
        },
        {
          "type": "icon",
          "assetId": "OKu4JHyT0dVB",
          "checksum": "03966de36683849fbada64e580d42f5a"
        },
        {
          "type": "icon",
          "assetId": "G9I2JP8DGmsf",
          "checksum": "067c12af0a7cc4936be8070132425fb1"
        },
        {
          "type": "icon",
          "assetId": "waVpyEEAzeby",
          "checksum": "c4d2e9615ec757f24b37b23b80f117c6"
        },
        {
          "type": "icon",
          "assetId": "v8PAsj8jZ_Oj",
          "checksum": "fb6ed3fb6f540280158a3c9e81dbed45"
        },
        {
          "type": "icon",
          "assetId": "Lvb_9dXtdlpT",
          "checksum": "c3bb0c10eb5b8d0def9cae81807916f5"
        },
        {
          "type": "icon",
          "assetId": "9DXIlhnafXbc",
          "checksum": "5253cdf460a762e7cc14596f3d22cb4f"
        },
        {
          "type": "icon",
          "assetId": "FJ2fBONW11jZ",
          "checksum": "8a2161b212cd86182b5ffab7fd2ee1db"
        },
        {
          "type": "icon",
          "assetId": "aYNbt2Z3fjWd",
          "checksum": "4f1f0d20c8fee12a9ad770e04f5926b2"
        },
        {
          "type": "icon",
          "assetId": "Pso67MLUjFPI",
          "checksum": "6a613f104446b175860b1f294d54e26f"
        },
        {
          "type": "icon",
          "assetId": "csGPqsDbecXo",
          "checksum": "b76f968cbaf81b0e8397099386a9b208"
        },
        {
          "type": "icon",
          "assetId": "dbzvZSfCZPJL",
          "checksum": "699ab610804d32775b63e20c15fbe998"
        },
        {
          "type": "image",
          "assetId": "UWWypCgYLHS-",
          "checksum": "0bccd7168bc8910093384759b6734439"
        },
        {
          "type": "image",
          "assetId": "P8kgWmkR6XS5",
          "checksum": "a9ff07fed8a4e037387659478d89c06e"
        },
        {
          "type": "image",
          "assetId": "rZ2bcYasQvbF",
          "checksum": "4bbff5bf77f5a3bb90d9a4cef7e2c9b6"
        },
        {
          "type": "image",
          "assetId": "n_aZv52hBpGX",
          "checksum": "2e5dd5352f0977b07ac679d1bbf8d1f8"
        },
        {
          "type": "image",
          "assetId": "SXhC8Ta_KfWP",
          "checksum": "9a33d348d5c51fe72aeaea7b8e788cdb"
        },
        {
          "type": "image",
          "assetId": "j7zC0avp7g-U",
          "checksum": "0bdb69a92389f00e7e35237cbae20ee7"
        },
        {
          "type": "image",
          "assetId": "uB8LyjjTqhtr",
          "checksum": "e1b1eb8f15fb3d8deaf9dcba141ae86e"
        },
        {
          "type": "image",
          "assetId": "CrzP3XadUgim",
          "checksum": "2193b6bfadb05ff4a24f70c17840bdff"
        },
        {
          "type": "image",
          "assetId": "ZccK651-nXVW",
          "checksum": "3234efc1eb618f7c56de62343f1f0516"
        },
        {
          "type": "image",
          "assetId": "Nwa1uXVGmtk-",
          "checksum": "4966d9d47e65389238bc2a7f0582b8b0"
        },
        {
          "type": "image",
          "assetId": "BgB0ZkixpnEx",
          "checksum": "0ec4fe6f9d96142978579e633f537520"
        },
        {
          "type": "image",
          "assetId": "8Aino25yxeKh",
          "checksum": "5c7b7a0aa141cf3d6439aa509d4e82ea"
        },
        {
          "type": "image",
          "assetId": "d3n6WsjR2GrY",
          "checksum": "2b17a7b1a70875f9c49372289a0bb3f0"
        },
        {
          "type": "image",
          "assetId": "JfSTW0WQ-Ae7",
          "checksum": "5ffb50dc90726172f74b1716e8fe05ef"
        },
        {
          "type": "image",
          "assetId": "xUIglAiU1ZjT",
          "checksum": "6785e20f910d0627935d93e38db795f0"
        },
        {
          "type": "image",
          "assetId": "5NkD9uERXKba",
          "checksum": "aa4e48253ef2aab906f8ecc803fecc47"
        },
        {
          "type": "image",
          "assetId": "_gcyonr6BGUN",
          "checksum": "42f352689290fb0c4081756b997f7fae"
        },
        {
          "type": "image",
          "assetId": "tq1SmQPj4HwZ",
          "checksum": "785ed7acf9d949dd9566d058739de53a"
        },
        {
          "type": "image",
          "assetId": "qFGKpdRvwkkW",
          "checksum": "be3734bcc950abaf5d629265c07d4bba"
        },
        {
          "type": "image",
          "assetId": "nAp29gjIAdxE",
          "checksum": "106a34e59f04b13f5171b4c3f5374e46"
        },
        {
          "type": "image",
          "assetId": "5P5w1tt0oBIx",
          "checksum": "362cd75b7fba6a46a36455e4e8daa5e9"
        },
        {
          "type": "image",
          "assetId": "chqcUbG0xmsj",
          "checksum": "b0459d01c80383ae84bda7b4b7d39631"
        },
        {
          "type": "image",
          "assetId": "n2NkW-ozLki4",
          "checksum": "c78e7f6c82c37fafcb0f08e4b09f7b1f"
        },
        {
          "type": "image",
          "assetId": "9M9Gd2Z4o6IV",
          "checksum": "23a8b74520f710237d6c4d22e334ce8a"
        },
        {
          "type": "image",
          "assetId": "0Itpo904rOyR",
          "checksum": "89df2ff62647a763fdd386976b4c3ea1"
        },
        {
          "type": "image",
          "assetId": "T1On12Kw3hXs",
          "checksum": "4d95d4ac0b6e0662606db797df95e4f6"
        },
        {
          "type": "image",
          "assetId": "X2f9u_pagJyq",
          "checksum": "3613b2a61375e7f6d2c814a6b48d4c97"
        },
        {
          "type": "image",
          "assetId": "EKMCwxTmxsQW",
          "checksum": "be13d4cb91e8c8799a333815384ff709"
        },
        {
          "type": "image",
          "assetId": "8Z_8PrRkx6D6",
          "checksum": "724b5d3b0293d7d41eb1d73d214740a0"
        },
        {
          "type": "image",
          "assetId": "p5Tu0eqlhqO8",
          "checksum": "05a29a0db73f9c8b79524c3079a3cb4a"
        },
        {
          "type": "image",
          "assetId": "f68MiJTj5n-k",
          "checksum": "57b06188abeb3cc8e93911d77b535a29"
        },
        {
          "type": "image",
          "assetId": "HEu15bVCzalB",
          "checksum": "5a3a2dca0279a969e0227e5aad5bfb56"
        }
      ],
      "codegenVersion": "0.0.1"
    }
  ],
  "cliVersion": "0.1.331"
}
