{
  "projects": [
    {
      "projectId": "YUiM7yqBWAqsh8KSnrdj7",
      "version": "0.29.0",
      "dependencies": {},
      "lang": "ts",
      "fileLocks": [
        {
          "assetId": "YUiM7yqBWAqsh8KSnrdj7",
          "type": "projectCss",
          "checksum": "dac72600b04b6e6a3014e82512a15fe1"
        }
      ],
      "codegenVersion": "0.0.1"
    },
    {
      "projectId": "caTPwKxj5ZrD9LQ7DMdK4Z",
      "version": "3.37.0",
      "dependencies": {},
      "lang": "ts",
      "fileLocks": [
        {
          "assetId": "caTPwKxj5ZrD9LQ7DMdK4Z",
          "type": "projectCss",
          "checksum": "e1ec850476829c38b0f9b6d4f7ac446a"
        }
      ],
      "codegenVersion": "0.0.1"
    },
    {
      "projectId": "bnGmFYN1UUt3iuCFsqhSBQ",
      "version": "latest",
      "dependencies": {
        "caTPwKxj5ZrD9LQ7DMdK4Z": "3.37.0",
        "YUiM7yqBWAqsh8KSnrdj7": "0.29.0"
      },
      "lang": "ts",
      "fileLocks": [
        {
          "type": "globalVariant",
          "assetId": "nSwrrijbjORk",
          "checksum": "482262218ecd58e912d455b0f79e2076"
        },
        {
          "assetId": "bnGmFYN1UUt3iuCFsqhSBQ",
          "type": "projectCss",
          "checksum": "93ac002929debc623ccc9cb7fb921a80"
        },
        {
          "type": "renderModule",
          "assetId": "5njABe8EyLqo",
          "checksum": "28c0abd9d4e1aad902c8b9bd0f5af42a"
        },
        {
          "type": "cssRules",
          "assetId": "5njABe8EyLqo",
          "checksum": "28c0abd9d4e1aad902c8b9bd0f5af42a"
        }
      ],
      "codegenVersion": "0.0.1"
    }
  ],
  "cliVersion": "0.1.331"
}
